{
  "version": 4,
  "terraform_version": "0.12.18",
  "serial": 138,
  "lineage": "42cfd261-4206-52c8-1f4c-c2b9a50d006d",
  "outputs": {},
  "resources": [
    {
      "mode": "data",
      "type": "docker_registry_image",
      "name": "alpr",
      "provider": "provider.docker",
      "instances": [
        {
          "schema_version": 0,
          "attributes": {
            "id": "sha256:48b4b740a9760c3d12cf06abd855cd540ae14157460e5a0a819916c5426537e3",
            "name": "waqasali/fyp-alpr",
            "sha256_digest": "sha256:48b4b740a9760c3d12cf06abd855cd540ae14157460e5a0a819916c5426537e3"
          }
        }
      ]
    },
    {
      "mode": "data",
      "type": "docker_registry_image",
      "name": "registry_image",
      "provider": "provider.docker",
      "instances": [
        {
          "schema_version": 0,
          "attributes": {
            "id": "sha256:ca9cfa5e2786063e03b1c3ed20c1a9b9f802878e3bdf2918623cdbc2b163757e",
            "name": "waqasali/fyp-stock",
            "sha256_digest": "sha256:ca9cfa5e2786063e03b1c3ed20c1a9b9f802878e3bdf2918623cdbc2b163757e"
          }
        }
      ]
    },
    {
      "mode": "data",
      "type": "docker_registry_image",
      "name": "yolo",
      "provider": "provider.docker",
      "instances": [
        {
          "schema_version": 0,
          "attributes": {
            "id": "sha256:2c01035be4fffacd35c0a735ca006ef08fe04d60fbf5dba215e8e946468aae58",
            "name": "waqasali/fyp-yolo",
            "sha256_digest": "sha256:2c01035be4fffacd35c0a735ca006ef08fe04d60fbf5dba215e8e946468aae58"
          }
        }
      ]
    },
    {
      "mode": "managed",
      "type": "docker_container",
      "name": "alpr",
      "provider": "provider.docker",
      "instances": [
        {
          "schema_version": 1,
          "attributes": {
            "attach": false,
            "bridge": "",
            "capabilities": [],
            "command": null,
            "container_logs": null,
            "cpu_set": null,
            "cpu_shares": null,
            "destroy_grace_seconds": null,
            "devices": [],
            "dns": null,
            "dns_opts": null,
            "dns_search": null,
            "domainname": null,
            "entrypoint": null,
            "env": null,
            "exit_code": null,
            "gateway": "172.17.0.1",
            "group_add": null,
            "healthcheck": [],
            "host": [],
            "hostname": null,
            "id": "41d0c3949c793def450a5fa47f393c2dc71c5b33a0a1730fd91b566c4a55a4df",
            "image": "sha256:c7e40a28dd2945fc5b8fa6a7418e797fffc26ae391db528b389d488ba362f224",
            "ip_address": "172.17.0.4",
            "ip_prefix_length": 16,
            "ipc_mode": null,
            "labels": null,
            "links": null,
            "log_driver": "json-file",
            "log_opts": null,
            "logs": false,
            "max_retry_count": null,
            "memory": null,
            "memory_swap": null,
            "mounts": [],
            "must_run": true,
            "name": "alpr-service",
            "network_alias": null,
            "network_data": [
              {
                "gateway": "172.17.0.1",
                "ip_address": "172.17.0.4",
                "ip_prefix_length": 16,
                "network_name": "bridge"
              }
            ],
            "network_mode": null,
            "networks": null,
            "networks_advanced": [],
            "pid_mode": null,
            "ports": [
              {
                "external": 50053,
                "internal": 50051,
                "ip": "0.0.0.0",
                "protocol": "tcp"
              }
            ],
            "privileged": null,
            "publish_all_ports": null,
            "read_only": false,
            "restart": "no",
            "rm": false,
            "shm_size": null,
            "start": true,
            "sysctls": null,
            "tmpfs": null,
            "ulimit": [],
            "upload": [],
            "user": null,
            "userns_mode": null,
            "volumes": [],
            "working_dir": null
          },
          "private": "eyJzY2hlbWFfdmVyc2lvbiI6IjEifQ==",
          "dependencies": [
            "docker_image.alpr"
          ]
        }
      ]
    },
    {
      "mode": "managed",
      "type": "docker_container",
      "name": "stock",
      "provider": "provider.docker",
      "instances": [
        {
          "schema_version": 1,
          "attributes": {
            "attach": false,
            "bridge": "",
            "capabilities": [],
            "command": null,
            "container_logs": null,
            "cpu_set": null,
            "cpu_shares": null,
            "destroy_grace_seconds": null,
            "devices": [],
            "dns": null,
            "dns_opts": null,
            "dns_search": null,
            "domainname": null,
            "entrypoint": null,
            "env": null,
            "exit_code": null,
            "gateway": "172.17.0.1",
            "group_add": null,
            "healthcheck": [],
            "host": [],
            "hostname": null,
            "id": "effc36796846935db084b07da48462fcc742a24c16a17bde9355158f838af980",
            "image": "sha256:b3c62d209c31747712a851ca69db919f3bb1bb0803a0b0addd89cd99e369f520",
            "ip_address": "172.17.0.3",
            "ip_prefix_length": 16,
            "ipc_mode": null,
            "labels": null,
            "links": null,
            "log_driver": "json-file",
            "log_opts": null,
            "logs": false,
            "max_retry_count": null,
            "memory": null,
            "memory_swap": null,
            "mounts": [],
            "must_run": true,
            "name": "stock-service",
            "network_alias": null,
            "network_data": [
              {
                "gateway": "172.17.0.1",
                "ip_address": "172.17.0.3",
                "ip_prefix_length": 16,
                "network_name": "bridge"
              }
            ],
            "network_mode": null,
            "networks": null,
            "networks_advanced": [],
            "pid_mode": null,
            "ports": [
              {
                "external": 50051,
                "internal": 50051,
                "ip": "0.0.0.0",
                "protocol": "tcp"
              }
            ],
            "privileged": null,
            "publish_all_ports": null,
            "read_only": false,
            "restart": "no",
            "rm": false,
            "shm_size": null,
            "start": true,
            "sysctls": null,
            "tmpfs": null,
            "ulimit": [],
            "upload": [],
            "user": null,
            "userns_mode": null,
            "volumes": [],
            "working_dir": null
          },
          "private": "eyJzY2hlbWFfdmVyc2lvbiI6IjEifQ==",
          "dependencies": [
            "docker_image.image"
          ]
        }
      ]
    },
    {
      "mode": "managed",
      "type": "docker_image",
      "name": "alpr",
      "provider": "provider.docker",
      "instances": [
        {
          "schema_version": 0,
          "attributes": {
            "id": "sha256:c7e40a28dd2945fc5b8fa6a7418e797fffc26ae391db528b389d488ba362f224waqasali/fyp-alpr",
            "keep_locally": null,
            "latest": "sha256:c7e40a28dd2945fc5b8fa6a7418e797fffc26ae391db528b389d488ba362f224",
            "name": "waqasali/fyp-alpr",
            "pull_trigger": null,
            "pull_triggers": [
              "sha256:48b4b740a9760c3d12cf06abd855cd540ae14157460e5a0a819916c5426537e3"
            ]
          },
          "private": "bnVsbA=="
        }
      ]
    },
    {
      "mode": "managed",
      "type": "docker_image",
      "name": "image",
      "provider": "provider.docker",
      "instances": [
        {
          "schema_version": 0,
          "attributes": {
            "id": "sha256:b3c62d209c31747712a851ca69db919f3bb1bb0803a0b0addd89cd99e369f520waqasali/fyp-stock",
            "keep_locally": null,
            "latest": "sha256:b3c62d209c31747712a851ca69db919f3bb1bb0803a0b0addd89cd99e369f520",
            "name": "waqasali/fyp-stock",
            "pull_trigger": null,
            "pull_triggers": [
              "sha256:ca9cfa5e2786063e03b1c3ed20c1a9b9f802878e3bdf2918623cdbc2b163757e"
            ]
          },
          "private": "bnVsbA=="
        }
      ]
    },
    {
      "mode": "managed",
      "type": "null_resource",
      "name": "yolo",
      "provider": "provider.null",
      "instances": [
        {
          "schema_version": 0,
          "attributes": {
            "id": "8359157943071645441",
            "triggers": {
              "digest": "sha256:2c01035be4fffacd35c0a735ca006ef08fe04d60fbf5dba215e8e946468aae58"
            }
          }
        }
      ]
    }
  ]
}
